schema: '2.0'
stages:
  train:
    cmd: python main.py -c params.yaml
    deps:
    - path: cifar_simclr_resnet
      md5: 422dddfedcca57c9cbcde586ebd4093a.dir
      size: 8987
      nfiles: 8
    - path: data
      md5: e252d2c8ba36d1ab3e21a873ab62daa3.dir
      size: 356712185
      nfiles: 9
    params:
      params.yaml:
        data:
          train_size: 0.5
        model:
          pretrained: true
        trainer:
          logger: dvclive.lightning.DVCLiveLogger
          enable_checkpointing: true
          callbacks:
          - class_path: pytorch_lightning.callbacks.ModelCheckpoint
            init_args:
              dirpath: dvclive/models
          max_epochs: 100
          accelerator: gpu
    outs:
    - path: dvclive/metrics.json
      md5: af4190f2a57a43a2ceb23901b45215cd
      size: 313
    - path: dvclive/models
      md5: 9d4cd7ca19d35348786d12c21de6c30c.dir
      size: 138214007
      nfiles: 1
    - path: dvclive/plots
      md5: 2ba6aa6b815159af88f6b75cb6aa4aaf.dir
      size: 24443
      nfiles: 7
