schema: '2.0'
stages:
  extract_weights:
    cmd: python scripts/extract_weights.py
    deps:
    - path: scripts/extract_weights.py
      md5: d2aa5979aa7693e6c243788b69345a96
      size: 672
    - path: weights/raw
      md5: 82efb930fec3e400d16614685ba144b7.dir
      size: 116174681
      nfiles: 1
    outs:
    - path: weights/weights.pt
      md5: 36465137a846261004e49a164cdb3093
      size: 46095433
  download_data:
    cmd: python scripts/download_data.py
    outs:
    - path: data
      md5: e252d2c8ba36d1ab3e21a873ab62daa3.dir
      size: 356712185
      nfiles: 9
  download_weights:
    cmd: gdown 14_nH2FkyKbt61cieQDiSbBVNP8-gtwgF -O weights/raw/
    outs:
    - path: weights/raw
      md5: 82efb930fec3e400d16614685ba144b7.dir
      size: 116174681
      nfiles: 1
